// !$*UTF8*$!
{
	archiveVersion = 1;
	classes = {
	};
	objectVersion = 55;
	objects = {

/* Begin PBXBuildFile section */
		04E8CD622822D72B003D16EF /* AppDelegate.swift in Sources */ = {isa = PBXBuildFile; fileRef = 04E8CD612822D72B003D16EF /* AppDelegate.swift */; };
		04E8CD642822D72B003D16EF /* SceneDelegate.swift in Sources */ = {isa = PBXBuildFile; fileRef = 04E8CD632822D72B003D16EF /* SceneDelegate.swift */; };
		04E8CD662822D72B003D16EF /* ViewController.swift in Sources */ = {isa = PBXBuildFile; fileRef = 04E8CD652822D72B003D16EF /* ViewController.swift */; };
		04E8CD692822D72B003D16EF /* Main.storyboard in Resources */ = {isa = PBXBuildFile; fileRef = 04E8CD672822D72B003D16EF /* Main.storyboard */; };
		04E8CD6B2822D733003D16EF /* Assets.xcassets in Resources */ = {isa = PBXBuildFile; fileRef = 04E8CD6A2822D733003D16EF /* Assets.xcassets */; };
		04E8CD6E2822D733003D16EF /* LaunchScreen.storyboard in Resources */ = {isa = PBXBuildFile; fileRef = 04E8CD6C2822D733003D16EF /* LaunchScreen.storyboard */; };
		04E8CD792822D734003D16EF /* WordGardenTests.swift in Sources */ = {isa = PBXBuildFile; fileRef = 04E8CD782822D734003D16EF /* WordGardenTests.swift */; };
		04E8CD832822D734003D16EF /* WordGardenUITests.swift in Sources */ = {isa = PBXBuildFile; fileRef = 04E8CD822822D734003D16EF /* WordGardenUITests.swift */; };
		04E8CD852822D734003D16EF /* WordGardenUITestsLaunchTests.swift in Sources */ = {isa = PBXBuildFile; fileRef = 04E8CD842822D734003D16EF /* WordGardenUITestsLaunchTests.swift */; };
/* End PBXBuildFile section */

/* Begin PBXContainerItemProxy section */
		04E8CD752822D734003D16EF /* PBXContainerItemProxy */ = {
			isa = PBXContainerItemProxy;
			containerPortal = 04E8CD562822D72A003D16EF /* Project object */;
			proxyType = 1;
			remoteGlobalIDString = 04E8CD5D2822D72B003D16EF;
			remoteInfo = WordGarden;
		};
		04E8CD7F2822D734003D16EF /* PBXContainerItemProxy */ = {
			isa = PBXContainerItemProxy;
			containerPortal = 04E8CD562822D72A003D16EF /* Project object */;
			proxyType = 1;
			remoteGlobalIDString = 04E8CD5D2822D72B003D16EF;
			remoteInfo = WordGarden;
		};
/* End PBXContainerItemProxy section */

/* Begin PBXFileReference section */
		04E8CD5E2822D72B003D16EF /* WordGarden.app */ = {isa = PBXFileReference; explicitFileType = wrapper.application; includeInIndex = 0; path = WordGarden.app; sourceTree = BUILT_PRODUCTS_DIR; };
		04E8CD612822D72B003D16EF /* AppDelegate.swift */ = {isa = PBXFileReference; lastKnownFileType = sourcecode.swift; path = AppDelegate.swift; sourceTree = "<group>"; };
		04E8CD632822D72B003D16EF /* SceneDelegate.swift */ = {isa = PBXFileReference; lastKnownFileType = sourcecode.swift; path = SceneDelegate.swift; sourceTree = "<group>"; };
		04E8CD652822D72B003D16EF /* ViewController.swift */ = {isa = PBXFileReference; lastKnownFileType = sourcecode.swift; path = ViewController.swift; sourceTree = "<group>"; };
		04E8CD682822D72B003D16EF /* Base */ = {isa = PBXFileReference; lastKnownFileType = file.storyboard; name = Base; path = Base.lproj/Main.storyboard; sourceTree = "<group>"; };
		04E8CD6A2822D733003D16EF /* Assets.xcassets */ = {isa = PBXFileReference; lastKnownFileType = folder.assetcatalog; path = Assets.xcassets; sourceTree = "<group>"; };
		04E8CD6D2822D733003D16EF /* Base */ = {isa = PBXFileReference; lastKnownFileType = file.storyboard; name = Base; path = Base.lproj/LaunchScreen.storyboard; sourceTree = "<group>"; };
		04E8CD6F2822D733003D16EF /* Info.plist */ = {isa = PBXFileReference; lastKnownFileType = text.plist.xml; path = Info.plist; sourceTree = "<group>"; };
		04E8CD742822D734003D16EF /* WordGardenTests.xctest */ = {isa = PBXFileReference; explicitFileType = wrapper.cfbundle; includeInIndex = 0; path = WordGardenTests.xctest; sourceTree = BUILT_PRODUCTS_DIR; };
		04E8CD782822D734003D16EF /* WordGardenTests.swift */ = {isa = PBXFileReference; lastKnownFileType = sourcecode.swift; path = WordGardenTests.swift; sourceTree = "<group>"; };
		04E8CD7E2822D734003D16EF /* WordGardenUITests.xctest */ = {isa = PBXFileReference; explicitFileType = wrapper.cfbundle; includeInIndex = 0; path = WordGardenUITests.xctest; sourceTree = BUILT_PRODUCTS_DIR; };
		04E8CD822822D734003D16EF /* WordGardenUITests.swift */ = {isa = PBXFileReference; lastKnownFileType = sourcecode.swift; path = WordGardenUITests.swift; sourceTree = "<group>"; };
		04E8CD842822D734003D16EF /* WordGardenUITestsLaunchTests.swift */ = {isa = PBXFileReference; lastKnownFileType = sourcecode.swift; path = WordGardenUITestsLaunchTests.swift; sourceTree = "<group>"; };
/* End PBXFileReference section */

/* Begin PBXFrameworksBuildPhase section */
		04E8CD5B2822D72B003D16EF /* Frameworks */ = {
			isa = PBXFrameworksBuildPhase;
			buildActionMask = 2147483647;
			files = (
			);
			runOnlyForDeploymentPostprocessing = 0;
		};
		04E8CD712822D734003D16EF /* Frameworks */ = {
			isa = PBXFrameworksBuildPhase;
			buildActionMask = 2147483647;
			files = (
			);
			runOnlyForDeploymentPostprocessing = 0;
		};
		04E8CD7B2822D734003D16EF /* Frameworks */ = {
			isa = PBXFrameworksBuildPhase;
			buildActionMask = 2147483647;
			files = (
			);
			runOnlyForDeploymentPostprocessing = 0;
		};
/* End PBXFrameworksBuildPhase section */

/* Begin PBXGroup section */
		04E8CD552822D72A003D16EF = {
			isa = PBXGroup;
			children = (
				04E8CD602822D72B003D16EF /* WordGarden */,
				04E8CD772822D734003D16EF /* WordGardenTests */,
				04E8CD812822D734003D16EF /* WordGardenUITests */,
				04E8CD5F2822D72B003D16EF /* Products */,
			);
			sourceTree = "<group>";
		};
		04E8CD5F2822D72B003D16EF /* Products */ = {
			isa = PBXGroup;
			children = (
				04E8CD5E2822D72B003D16EF /* WordGarden.app */,
				04E8CD742822D734003D16EF /* WordGardenTests.xctest */,
				04E8CD7E2822D734003D16EF /* WordGardenUITests.xctest */,
			);
			name = Products;
			sourceTree = "<group>";
		};
		04E8CD602822D72B003D16EF /* WordGarden */ = {
			isa = PBXGroup;
			children = (
				04E8CD612822D72B003D16EF /* AppDelegate.swift */,
				04E8CD632822D72B003D16EF /* SceneDelegate.swift */,
				04E8CD652822D72B003D16EF /* ViewController.swift */,
				04E8CD672822D72B003D16EF /* Main.storyboard */,
				04E8CD6A2822D733003D16EF /* Assets.xcassets */,
				04E8CD6C2822D733003D16EF /* LaunchScreen.storyboard */,
				04E8CD6F2822D733003D16EF /* Info.plist */,
			);
			path = WordGarden;
			sourceTree = "<group>";
		};
		04E8CD772822D734003D16EF /* WordGardenTests */ = {
			isa = PBXGroup;
			children = (
				04E8CD782822D734003D16EF /* WordGardenTests.swift */,
			);
			path = WordGardenTests;
			sourceTree = "<group>";
		};
		04E8CD812822D734003D16EF /* WordGardenUITests */ = {
			isa = PBXGroup;
			children = (
				04E8CD822822D734003D16EF /* WordGardenUITests.swift */,
				04E8CD842822D734003D16EF /* WordGardenUITestsLaunchTests.swift */,
			);
			path = WordGardenUITests;
			sourceTree = "<group>";
		};
/* End PBXGroup section */

/* Begin PBXNativeTarget section */
		04E8CD5D2822D72B003D16EF /* WordGarden */ = {
			isa = PBXNativeTarget;
			buildConfigurationList = 04E8CD882822D735003D16EF /* Build configuration list for PBXNativeTarget "WordGarden" */;
			buildPhases = (
				04E8CD5A2822D72B003D16EF /* Sources */,
				04E8CD5B2822D72B003D16EF /* Frameworks */,
				04E8CD5C2822D72B003D16EF /* Resources */,
			);
			buildRules = (
			);
			dependencies = (
			);
			name = WordGarden;
			productName = WordGarden;
			productReference = 04E8CD5E2822D72B003D16EF /* WordGarden.app */;
			productType = "com.apple.product-type.application";
		};
		04E8CD732822D734003D16EF /* WordGardenTests */ = {
			isa = PBXNativeTarget;
			buildConfigurationList = 04E8CD8B2822D735003D16EF /* Build configuration list for PBXNativeTarget "WordGardenTests" */;
			buildPhases = (
				04E8CD702822D734003D16EF /* Sources */,
				04E8CD712822D734003D16EF /* Frameworks */,
				04E8CD722822D734003D16EF /* Resources */,
			);
			buildRules = (
			);
			dependencies = (
				04E8CD762822D734003D16EF /* PBXTargetDependency */,
			);
			name = WordGardenTests;
			productName = WordGardenTests;
			productReference = 04E8CD742822D734003D16EF /* WordGardenTests.xctest */;
			productType = "com.apple.product-type.bundle.unit-test";
		};
		04E8CD7D2822D734003D16EF /* WordGardenUITests */ = {
			isa = PBXNativeTarget;
			buildConfigurationList = 04E8CD8E2822D735003D16EF /* Build configuration list for PBXNativeTarget "WordGardenUITests" */;
			buildPhases = (
				04E8CD7A2822D734003D16EF /* Sources */,
				04E8CD7B2822D734003D16EF /* Frameworks */,
				04E8CD7C2822D734003D16EF /* Resources */,
			);
			buildRules = (
			);
			dependencies = (
				04E8CD802822D734003D16EF /* PBXTargetDependency */,
			);
			name = WordGardenUITests;
			productName = WordGardenUITests;
			productReference = 04E8CD7E2822D734003D16EF /* WordGardenUITests.xctest */;
			productType = "com.apple.product-type.bundle.ui-testing";
		};
/* End PBXNativeTarget section */

/* Begin PBXProject section */
		04E8CD562822D72A003D16EF /* Project object */ = {
			isa = PBXProject;
			attributes = {
				BuildIndependentTargetsInParallel = 1;
				LastSwiftUpdateCheck = 1330;
				LastUpgradeCheck = 1330;
				TargetAttributes = {
					04E8CD5D2822D72B003D16EF = {
						CreatedOnToolsVersion = 13.3.1;
					};
					04E8CD732822D734003D16EF = {
						CreatedOnToolsVersion = 13.3.1;
						TestTargetID = 04E8CD5D2822D72B003D16EF;
					};
					04E8CD7D2822D734003D16EF = {
						CreatedOnToolsVersion = 13.3.1;
						TestTargetID = 04E8CD5D2822D72B003D16EF;
					};
				};
			};
			buildConfigurationList = 04E8CD592822D72A003D16EF /* Build configuration list for PBXProject "WordGarden" */;
			compatibilityVersion = "Xcode 13.0";
			developmentRegion = en;
			hasScannedForEncodings = 0;
			knownRegions = (
				en,
				Base,
			);
			mainGroup = 04E8CD552822D72A003D16EF;
			productRefGroup = 04E8CD5F2822D72B003D16EF /* Products */;
			projectDirPath = "";
			projectRoot = "";
			targets = (
				04E8CD5D2822D72B003D16EF /* WordGarden */,
				04E8CD732822D734003D16EF /* WordGardenTests */,
				04E8CD7D2822D734003D16EF /* WordGardenUITests */,
			);
		};
/* End PBXProject section */

/* Begin PBXResourcesBuildPhase section */
		04E8CD5C2822D72B003D16EF /* Resources */ = {
			isa = PBXResourcesBuildPhase;
			buildActionMask = 2147483647;
			files = (
				04E8CD6E2822D733003D16EF /* LaunchScreen.storyboard in Resources */,
				04E8CD6B2822D733003D16EF /* Assets.xcassets in Resources */,
				04E8CD692822D72B003D16EF /* Main.storyboard in Resources */,
			);
			runOnlyForDeploymentPostprocessing = 0;
		};
		04E8CD722822D734003D16EF /* Resources */ = {
			isa = PBXResourcesBuildPhase;
			buildActionMask = 2147483647;
			files = (
			);
			runOnlyForDeploymentPostprocessing = 0;
		};
		04E8CD7C2822D734003D16EF /* Resources */ = {
			isa = PBXResourcesBuildPhase;
			buildActionMask = 2147483647;
			files = (
			);
			runOnlyForDeploymentPostprocessing = 0;
		};
/* End PBXResourcesBuildPhase section */

/* Begin PBXSourcesBuildPhase section */
		04E8CD5A2822D72B003D16EF /* Sources */ = {
			isa = PBXSourcesBuildPhase;
			buildActionMask = 2147483647;
			files = (
				04E8CD662822D72B003D16EF /* ViewController.swift in Sources */,
				04E8CD622822D72B003D16EF /* AppDelegate.swift in Sources */,
				04E8CD642822D72B003D16EF /* SceneDelegate.swift in Sources */,
			);
			runOnlyForDeploymentPostprocessing = 0;
		};
		04E8CD702822D734003D16EF /* Sources */ = {
			isa = PBXSourcesBuildPhase;
			buildActionMask = 2147483647;
			files = (
				04E8CD792822D734003D16EF /* WordGardenTests.swift in Sources */,
			);
			runOnlyForDeploymentPostprocessing = 0;
		};
		04E8CD7A2822D734003D16EF /* Sources */ = {
			isa = PBXSourcesBuildPhase;
			buildActionMask = 2147483647;
			files = (
				04E8CD832822D734003D16EF /* WordGardenUITests.swift in Sources */,
				04E8CD852822D734003D16EF /* WordGardenUITestsLaunchTests.swift in Sources */,
			);
			runOnlyForDeploymentPostprocessing = 0;
		};
/* End PBXSourcesBuildPhase section */

/* Begin PBXTargetDependency section */
		04E8CD762822D734003D16EF /* PBXTargetDependency */ = {
			isa = PBXTargetDependency;
			target = 04E8CD5D2822D72B003D16EF /* WordGarden */;
			targetProxy = 04E8CD752822D734003D16EF /* PBXContainerItemProxy */;
		};
		04E8CD802822D734003D16EF /* PBXTargetDependency */ = {
			isa = PBXTargetDependency;
			target = 04E8CD5D2822D72B003D16EF /* WordGarden */;
			targetProxy = 04E8CD7F2822D734003D16EF /* PBXContainerItemProxy */;
		};
/* End PBXTargetDependency section */

/* Begin PBXVariantGroup section */
		04E8CD672822D72B003D16EF /* Main.storyboard */ = {
			isa = PBXVariantGroup;
			children = (
				04E8CD682822D72B003D16EF /* Base */,
			);
			name = Main.storyboard;
			sourceTree = "<group>";
		};
		04E8CD6C2822D733003D16EF /* LaunchScreen.storyboard */ = {
			isa = PBXVariantGroup;
			children = (
				04E8CD6D2822D733003D16EF /* Base */,
			);
			name = LaunchScreen.storyboard;
			sourceTree = "<group>";
		};
/* End PBXVariantGroup section */

/* Begin XCBuildConfiguration section */
		04E8CD862822D734003D16EF /* Debug */ = {
			isa = XCBuildConfiguration;
			buildSettings = {
				ALWAYS_SEARCH_USER_PATHS = NO;
				CLANG_ANALYZER_NONNULL = YES;
				CLANG_ANALYZER_NUMBER_OBJECT_CONVERSION = YES_AGGRESSIVE;
				CLANG_CXX_LANGUAGE_STANDARD = "gnu++17";
				CLANG_ENABLE_MODULES = YES;
				CLANG_ENABLE_OBJC_ARC = YES;
				CLANG_ENABLE_OBJC_WEAK = YES;
				CLANG_WARN_BLOCK_CAPTURE_AUTORELEASING = YES;
				CLANG_WARN_BOOL_CONVERSION = YES;
				CLANG_WARN_COMMA = YES;
				CLANG_WARN_CONSTANT_CONVERSION = YES;
				CLANG_WARN_DEPRECATED_OBJC_IMPLEMENTATIONS = YES;
				CLANG_WARN_DIRECT_OBJC_ISA_USAGE = YES_ERROR;
				CLANG_WARN_DOCUMENTATION_COMMENTS = YES;
				CLANG_WARN_EMPTY_BODY = YES;
				CLANG_WARN_ENUM_CONVERSION = YES;
				CLANG_WARN_INFINITE_RECURSION = YES;
				CLANG_WARN_INT_CONVERSION = YES;
				CLANG_WARN_NON_LITERAL_NULL_CONVERSION = YES;
				CLANG_WARN_OBJC_IMPLICIT_RETAIN_SELF = YES;
				CLANG_WARN_OBJC_LITERAL_CONVERSION = YES;
				CLANG_WARN_OBJC_ROOT_CLASS = YES_ERROR;
				CLANG_WARN_QUOTED_INCLUDE_IN_FRAMEWORK_HEADER = YES;
				CLANG_WARN_RANGE_LOOP_ANALYSIS = YES;
				CLANG_WARN_STRICT_PROTOTYPES = YES;
				CLANG_WARN_SUSPICIOUS_MOVE = YES;
				CLANG_WARN_UNGUARDED_AVAILABILITY = YES_AGGRESSIVE;
				CLANG_WARN_UNREACHABLE_CODE = YES;
				CLANG_WARN__DUPLICATE_METHOD_MATCH = YES;
				COPY_PHASE_STRIP = NO;
				DEBUG_INFORMATION_FORMAT = dwarf;
				ENABLE_STRICT_OBJC_MSGSEND = YES;
				ENABLE_TESTABILITY = YES;
				GCC_C_LANGUAGE_STANDARD = gnu11;
				GCC_DYNAMIC_NO_PIC = NO;
				GCC_NO_COMMON_BLOCKS = YES;
				GCC_OPTIMIZATION_LEVEL = 0;
				GCC_PREPROCESSOR_DEFINITIONS = (
					"DEBUG=1",
					"$(inherited)",
				);
				GCC_WARN_64_TO_32_BIT_CONVERSION = YES;
				GCC_WARN_ABOUT_RETURN_TYPE = YES_ERROR;
				GCC_WARN_UNDECLARED_SELECTOR = YES;
				GCC_WARN_UNINITIALIZED_AUTOS = YES_AGGRESSIVE;
				GCC_WARN_UNUSED_FUNCTION = YES;
				GCC_WARN_UNUSED_VARIABLE = YES;
				IPHONEOS_DEPLOYMENT_TARGET = 15.4;
				MTL_ENABLE_DEBUG_INFO = INCLUDE_SOURCE;
				MTL_FAST_MATH = YES;
				ONLY_ACTIVE_ARCH = YES;
				SDKROOT = iphoneos;
				SWIFT_ACTIVE_COMPILATION_CONDITIONS = DEBUG;
				SWIFT_OPTIMIZATION_LEVEL = "-Onone";
			};
			name = Debug;
		};
		04E8CD872822D734003D16EF /* Release */ = {
			isa = XCBuildConfiguration;
			buildSettings = {
				ALWAYS_SEARCH_USER_PATHS = NO;
				CLANG_ANALYZER_NONNULL = YES;
				CLANG_ANALYZER_NUMBER_OBJECT_CONVERSION = YES_AGGRESSIVE;
				CLANG_CXX_LANGUAGE_STANDARD = "gnu++17";
				CLANG_ENABLE_MODULES = YES;
				CLANG_ENABLE_OBJC_ARC = YES;
				CLANG_ENABLE_OBJC_WEAK = YES;
				CLANG_WARN_BLOCK_CAPTURE_AUTORELEASING = YES;
				CLANG_WARN_BOOL_CONVERSION = YES;
				CLANG_WARN_COMMA = YES;
				CLANG_WARN_CONSTANT_CONVERSION = YES;
				CLANG_WARN_DEPRECATED_OBJC_IMPLEMENTATIONS = YES;
				CLANG_WARN_DIRECT_OBJC_ISA_USAGE = YES_ERROR;
				CLANG_WARN_DOCUMENTATION_COMMENTS = YES;
				CLANG_WARN_EMPTY_BODY = YES;
				CLANG_WARN_ENUM_CONVERSION = YES;
				CLANG_WARN_INFINITE_RECURSION = YES;
				CLANG_WARN_INT_CONVERSION = YES;
				CLANG_WARN_NON_LITERAL_NULL_CONVERSION = YES;
				CLANG_WARN_OBJC_IMPLICIT_RETAIN_SELF = YES;
				CLANG_WARN_OBJC_LITERAL_CONVERSION = YES;
				CLANG_WARN_OBJC_ROOT_CLASS = YES_ERROR;
				CLANG_WARN_QUOTED_INCLUDE_IN_FRAMEWORK_HEADER = YES;
				CLANG_WARN_RANGE_LOOP_ANALYSIS = YES;
				CLANG_WARN_STRICT_PROTOTYPES = YES;
				CLANG_WARN_SUSPICIOUS_MOVE = YES;
				CLANG_WARN_UNGUARDED_AVAILABILITY = YES_AGGRESSIVE;
				CLANG_WARN_UNREACHABLE_CODE = YES;
				CLANG_WARN__DUPLICATE_METHOD_MATCH = YES;
				COPY_PHASE_STRIP = NO;
				DEBUG_INFORMATION_FORMAT = "dwarf-with-dsym";
				ENABLE_NS_ASSERTIONS = NO;
				ENABLE_STRICT_OBJC_MSGSEND = YES;
				GCC_C_LANGUAGE_STANDARD = gnu11;
				GCC_NO_COMMON_BLOCKS = YES;
				GCC_WARN_64_TO_32_BIT_CONVERSION = YES;
				GCC_WARN_ABOUT_RETURN_TYPE = YES_ERROR;
				GCC_WARN_UNDECLARED_SELECTOR = YES;
				GCC_WARN_UNINITIALIZED_AUTOS = YES_AGGRESSIVE;
				GCC_WARN_UNUSED_FUNCTION = YES;
				GCC_WARN_UNUSED_VARIABLE = YES;
				IPHONEOS_DEPLOYMENT_TARGET = 15.4;
				MTL_ENABLE_DEBUG_INFO = NO;
				MTL_FAST_MATH = YES;
				SDKROOT = iphoneos;
				SWIFT_COMPILATION_MODE = wholemodule;
				SWIFT_OPTIMIZATION_LEVEL = "-O";
				VALIDATE_PRODUCT = YES;
			};
			name = Release;
		};
		04E8CD892822D735003D16EF /* Debug */ = {
			isa = XCBuildConfiguration;
			buildSettings = {
				ASSETCATALOG_COMPILER_APPICON_NAME = AppIcon;
				ASSETCATALOG_COMPILER_GLOBAL_ACCENT_COLOR_NAME = AccentColor;
				CODE_SIGN_STYLE = Automatic;
				CURRENT_PROJECT_VERSION = 1;
				GENERATE_INFOPLIST_FILE = YES;
				INFOPLIST_FILE = WordGarden/Info.plist;
				INFOPLIST_KEY_UIApplicationSupportsIndirectInputEvents = YES;
				INFOPLIST_KEY_UILaunchStoryboardName = LaunchScreen;
				INFOPLIST_KEY_UIMainStoryboardFile = Main;
				INFOPLIST_KEY_UISupportedInterfaceOrientations_iPad = "UIInterfaceOrientationPortrait UIInterfaceOrientationPortraitUpsideDown UIInterfaceOrientationLandscapeLeft UIInterfaceOrientationLandscapeRight";
				INFOPLIST_KEY_UISupportedInterfaceOrientations_iPhone = "UIInterfaceOrientationPortrait UIInterfaceOrientationLandscapeLeft UIInterfaceOrientationLandscapeRight";
				LD_RUNPATH_SEARCH_PATHS = (
					"$(inherited)",
					"@executable_path/Frameworks",
				);
				MARKETING_VERSION = 1.0;
				PRODUCT_BUNDLE_IDENTIFIER = com.sb.WordGarden;
				PRODUCT_NAME = "$(TARGET_NAME)";
				SWIFT_EMIT_LOC_STRINGS = YES;
				SWIFT_VERSION = 5.0;
				TARGETED_DEVICE_FAMILY = "1,2";
			};
			name = Debug;
		};
		04E8CD8A2822D735003D16EF /* Release */ = {
			isa = XCBuildConfiguration;
			buildSettings = {
				ASSETCATALOG_COMPILER_APPICON_NAME = AppIcon;
				ASSETCATALOG_COMPILER_GLOBAL_ACCENT_COLOR_NAME = AccentColor;
				CODE_SIGN_STYLE = Automatic;
				CURRENT_PROJECT_VERSION = 1;
				GENERATE_INFOPLIST_FILE = YES;
				INFOPLIST_FILE = WordGarden/Info.plist;
				INFOPLIST_KEY_UIApplicationSupportsIndirectInputEvents = YES;
				INFOPLIST_KEY_UILaunchStoryboardName = LaunchScreen;
				INFOPLIST_KEY_UIMainStoryboardFile = Main;
				INFOPLIST_KEY_UISupportedInterfaceOrientations_iPad = "UIInterfaceOrientationPortrait UIInterfaceOrientationPortraitUpsideDown UIInterfaceOrientationLandscapeLeft UIInterfaceOrientationLandscapeRight";
				INFOPLIST_KEY_UISupportedInterfaceOrientations_iPhone = "UIInterfaceOrientationPortrait UIInterfaceOrientationLandscapeLeft UIInterfaceOrientationLandscapeRight";
				LD_RUNPATH_SEARCH_PATHS = (
					"$(inherited)",
					"@executable_path/Frameworks",
				);
				MARKETING_VERSION = 1.0;
				PRODUCT_BUNDLE_IDENTIFIER = com.sb.WordGarden;
				PRODUCT_NAME = "$(TARGET_NAME)";
				SWIFT_EMIT_LOC_STRINGS = YES;
				SWIFT_VERSION = 5.0;
				TARGETED_DEVICE_FAMILY = "1,2";
			};
			name = Release;
		};
		04E8CD8C2822D735003D16EF /* Debug */ = {
			isa = XCBuildConfiguration;
			buildSettings = {
				ALWAYS_EMBED_SWIFT_STANDARD_LIBRARIES = YES;
				BUNDLE_LOADER = "$(TEST_HOST)";
				CODE_SIGN_STYLE = Automatic;
				CURRENT_PROJECT_VERSION = 1;
				GENERATE_INFOPLIST_FILE = YES;
				IPHONEOS_DEPLOYMENT_TARGET = 15.4;
				MARKETING_VERSION = 1.0;
				PRODUCT_BUNDLE_IDENTIFIER = com.sb.WordGardenTests;
				PRODUCT_NAME = "$(TARGET_NAME)";
				SWIFT_EMIT_LOC_STRINGS = NO;
				SWIFT_VERSION = 5.0;
				TARGETED_DEVICE_FAMILY = "1,2";
				TEST_HOST = "$(BUILT_PRODUCTS_DIR)/WordGarden.app/WordGarden";
			};
			name = Debug;
		};
		04E8CD8D2822D735003D16EF /* Release */ = {
			isa = XCBuildConfiguration;
			buildSettings = {
				ALWAYS_EMBED_SWIFT_STANDARD_LIBRARIES = YES;
				BUNDLE_LOADER = "$(TEST_HOST)";
				CODE_SIGN_STYLE = Automatic;
				CURRENT_PROJECT_VERSION = 1;
				GENERATE_INFOPLIST_FILE = YES;
				IPHONEOS_DEPLOYMENT_TARGET = 15.4;
				MARKETING_VERSION = 1.0;
				PRODUCT_BUNDLE_IDENTIFIER = com.sb.WordGardenTests;
				PRODUCT_NAME = "$(TARGET_NAME)";
				SWIFT_EMIT_LOC_STRINGS = NO;
				SWIFT_VERSION = 5.0;
				TARGETED_DEVICE_FAMILY = "1,2";
				TEST_HOST = "$(BUILT_PRODUCTS_DIR)/WordGarden.app/WordGarden";
			};
			name = Release;
		};
		04E8CD8F2822D735003D16EF /* Debug */ = {
			isa = XCBuildConfiguration;
			buildSettings = {
				ALWAYS_EMBED_SWIFT_STANDARD_LIBRARIES = YES;
				CODE_SIGN_STYLE = Automatic;
				CURRENT_PROJECT_VERSION = 1;
				GENERATE_INFOPLIST_FILE = YES;
				MARKETING_VERSION = 1.0;
				PRODUCT_BUNDLE_IDENTIFIER = com.sb.WordGardenUITests;
				PRODUCT_NAME = "$(TARGET_NAME)";
				SWIFT_EMIT_LOC_STRINGS = NO;
				SWIFT_VERSION = 5.0;
				TARGETED_DEVICE_FAMILY = "1,2";
				TEST_TARGET_NAME = WordGarden;
			};
			name = Debug;
		};
		04E8CD902822D735003D16EF /* Release */ = {
			isa = XCBuildConfiguration;
			buildSettings = {
				ALWAYS_EMBED_SWIFT_STANDARD_LIBRARIES = YES;
				CODE_SIGN_STYLE = Automatic;
				CURRENT_PROJECT_VERSION = 1;
				GENERATE_INFOPLIST_FILE = YES;
				MARKETING_VERSION = 1.0;
				PRODUCT_BUNDLE_IDENTIFIER = com.sb.WordGardenUITests;
				PRODUCT_NAME = "$(TARGET_NAME)";
				SWIFT_EMIT_LOC_STRINGS = NO;
				SWIFT_VERSION = 5.0;
				TARGETED_DEVICE_FAMILY = "1,2";
				TEST_TARGET_NAME = WordGarden;
			};
			name = Release;
		};
/* End XCBuildConfiguration section */

/* Begin XCConfigurationList section */
		04E8CD592822D72A003D16EF /* Build configuration list for PBXProject "WordGarden" */ = {
			isa = XCConfigurationList;
			buildConfigurations = (
				04E8CD862822D734003D16EF /* Debug */,
				04E8CD872822D734003D16EF /* Release */,
			);
			defaultConfigurationIsVisible = 0;
			defaultConfigurationName = Release;
		};
		04E8CD882822D735003D16EF /* Build configuration list for PBXNativeTarget "WordGarden" */ = {
			isa = XCConfigurationList;
			buildConfigurations = (
				04E8CD892822D735003D16EF /* Debug */,
				04E8CD8A2822D735003D16EF /* Release */,
			);
			defaultConfigurationIsVisible = 0;
			defaultConfigurationName = Release;
		};
		04E8CD8B2822D735003D16EF /* Build configuration list for PBXNativeTarget "WordGardenTests" */ = {
			isa = XCConfigurationList;
			buildConfigurations = (
				04E8CD8C2822D735003D16EF /* Debug */,
				04E8CD8D2822D735003D16EF /* Release */,
			);
			defaultConfigurationIsVisible = 0;
			defaultConfigurationName = Release;
		};
		04E8CD8E2822D735003D16EF /* Build configuration list for PBXNativeTarget "WordGardenUITests" */ = {
			isa = XCConfigurationList;
			buildConfigurations = (
				04E8CD8F2822D735003D16EF /* Debug */,
				04E8CD902822D735003D16EF /* Release */,
			);
			defaultConfigurationIsVisible = 0;
			defaultConfigurationName = Release;
		};
/* End XCConfigurationList section */
	};
	rootObject = 04E8CD562822D72A003D16EF /* Project object */;
}
